
Microsoft Visual Studio Solution File, Format Version 12.00
# Visual Studio Version 16
VisualStudioVersion = 16.0.30907.101
MinimumVisualStudioVersion = 10.0.40219.1
Project("{FAE04EC0-301F-11D3-BF4B-00C04F79EFBC}") = "PostComment.WebAPI", "PostComment.WebAPI\PostComment.WebAPI.csproj", "{5F5B9809-ACD8-4B15-9CB0-F6BF82B6A1D1}"
EndProject
Project("{FAE04EC0-301F-11D3-BF4B-00C04F79EFBC}") = "PostComment.Data", "PostComment.Data\PostComment.Data.csproj", "{4D5025B3-43A4-4838-9DB2-AB40DF728C43}"
EndProject
Project("{FAE04EC0-301F-11D3-BF4B-00C04F79EFBC}") = "PostComment.Models", "PostComment.Models\PostComment.Models.csproj", "{131CBF0C-6D95-4523-B6F1-4EA2D55D92AF}"
EndProject
Global
	GlobalSection(SolutionConfigurationPlatforms) = preSolution
		Debug|Any CPU = Debug|Any CPU
		Release|Any CPU = Release|Any CPU
	EndGlobalSection
	GlobalSection(ProjectConfigurationPlatforms) = postSolution
		{5F5B9809-ACD8-4B15-9CB0-F6BF82B6A1D1}.Debug|Any CPU.ActiveCfg = Debug|Any CPU
		{5F5B9809-ACD8-4B15-9CB0-F6BF82B6A1D1}.Debug|Any CPU.Build.0 = Debug|Any CPU
		{5F5B9809-ACD8-4B15-9CB0-F6BF82B6A1D1}.Release|Any CPU.ActiveCfg = Release|Any CPU
		{5F5B9809-ACD8-4B15-9CB0-F6BF82B6A1D1}.Release|Any CPU.Build.0 = Release|Any CPU
		{4D5025B3-43A4-4838-9DB2-AB40DF728C43}.Debug|Any CPU.ActiveCfg = Debug|Any CPU
		{4D5025B3-43A4-4838-9DB2-AB40DF728C43}.Debug|Any CPU.Build.0 = Debug|Any CPU
		{4D5025B3-43A4-4838-9DB2-AB40DF728C43}.Release|Any CPU.ActiveCfg = Release|Any CPU
		{4D5025B3-43A4-4838-9DB2-AB40DF728C43}.Release|Any CPU.Build.0 = Release|Any CPU
		{131CBF0C-6D95-4523-B6F1-4EA2D55D92AF}.Debug|Any CPU.ActiveCfg = Debug|Any CPU
		{131CBF0C-6D95-4523-B6F1-4EA2D55D92AF}.Debug|Any CPU.Build.0 = Debug|Any CPU
		{131CBF0C-6D95-4523-B6F1-4EA2D55D92AF}.Release|Any CPU.ActiveCfg = Release|Any CPU
		{131CBF0C-6D95-4523-B6F1-4EA2D55D92AF}.Release|Any CPU.Build.0 = Release|Any CPU
	EndGlobalSection
	GlobalSection(SolutionProperties) = preSolution
		HideSolutionNode = FALSE
	EndGlobalSection
	GlobalSection(ExtensibilityGlobals) = postSolution
		SolutionGuid = {39D3AEF1-6862-4695-A09D-A735E826BB58}
	EndGlobalSection
EndGlobal
